
Microsoft Visual Studio Solution File, Format Version 12.00
# Visual Studio 15
VisualStudioVersion = 15.0.28010.2041
MinimumVisualStudioVersion = 10.0.40219.1
Project("{FAE04EC0-301F-11D3-BF4B-00C04F79EFBC}") = "Management", "Management\Management.csproj", "{9245CB89-B04D-4300-A990-E632BC41B65C}"
EndProject
Global
	GlobalSection(SolutionConfigurationPlatforms) = preSolution
		Debug|Any CPU = Debug|Any CPU
		Release|Any CPU = Release|Any CPU
	EndGlobalSection
	GlobalSection(ProjectConfigurationPlatforms) = postSolution
		{9245CB89-B04D-4300-A990-E632BC41B65C}.Debug|Any CPU.ActiveCfg = Debug|Any CPU
		{9245CB89-B04D-4300-A990-E632BC41B65C}.Debug|Any CPU.Build.0 = Debug|Any CPU
		{9245CB89-B04D-4300-A990-E632BC41B65C}.Release|Any CPU.ActiveCfg = Release|Any CPU
		{9245CB89-B04D-4300-A990-E632BC41B65C}.Release|Any CPU.Build.0 = Release|Any CPU
	EndGlobalSection
	GlobalSection(SolutionProperties) = preSolution
		HideSolutionNode = FALSE
	EndGlobalSection
	GlobalSection(ExtensibilityGlobals) = postSolution
		SolutionGuid = {BD4A907D-5C97-4083-AB56-BCF8BAF400D1}
	EndGlobalSection
EndGlobal
